
Microsoft Visual Studio Solution File, Format Version 12.00
# Visual Studio Version 17
VisualStudioVersion = 17.13.35919.96 d17.13
MinimumVisualStudioVersion = 10.0.40219.1
Project("{FAE04EC0-301F-11D3-BF4B-00C04F79EFBC}") = "KGA_OOPConsoleProject", "KGA_OOPConsoleProject\KGA_OOPConsoleProject.csproj", "{B609600B-5DD5-4517-990B-CA5821BE5B82}"
EndProject
Global
	GlobalSection(SolutionConfigurationPlatforms) = preSolution
		Debug|Any CPU = Debug|Any CPU
		Release|Any CPU = Release|Any CPU
	EndGlobalSection
	GlobalSection(ProjectConfigurationPlatforms) = postSolution
		{B609600B-5DD5-4517-990B-CA5821BE5B82}.Debug|Any CPU.ActiveCfg = Debug|Any CPU
		{B609600B-5DD5-4517-990B-CA5821BE5B82}.Debug|Any CPU.Build.0 = Debug|Any CPU
		{B609600B-5DD5-4517-990B-CA5821BE5B82}.Release|Any CPU.ActiveCfg = Release|Any CPU
		{B609600B-5DD5-4517-990B-CA5821BE5B82}.Release|Any CPU.Build.0 = Release|Any CPU
	EndGlobalSection
	GlobalSection(SolutionProperties) = preSolution
		HideSolutionNode = FALSE
	EndGlobalSection
	GlobalSection(ExtensibilityGlobals) = postSolution
		SolutionGuid = {28EEAA87-E8F9-41F2-B651-2282A28A6703}
	EndGlobalSection
EndGlobal
